// !$*UTF8*$!
{
	archiveVersion = 1;
	classes = {
	};
	objectVersion = 50;
	objects = {

/* Begin PBXBuildFile section */
		F91BA0A5218433E30059E943 /* AppDelegate.swift in Sources */ = {isa = PBXBuildFile; fileRef = F91BA0A4218433E30059E943 /* AppDelegate.swift */; };
		F91BA0A7218433E30059E943 /* ViewController.swift in Sources */ = {isa = PBXBuildFile; fileRef = F91BA0A6218433E30059E943 /* ViewController.swift */; };
		F91BA0AA218433E30059E943 /* Main.storyboard in Resources */ = {isa = PBXBuildFile; fileRef = F91BA0A8218433E30059E943 /* Main.storyboard */; };
		F91BA0AC218433E50059E943 /* Assets.xcassets in Resources */ = {isa = PBXBuildFile; fileRef = F91BA0AB218433E50059E943 /* Assets.xcassets */; };
		F91BA0AF218433E50059E943 /* LaunchScreen.storyboard in Resources */ = {isa = PBXBuildFile; fileRef = F91BA0AD218433E50059E943 /* LaunchScreen.storyboard */; };
		F91BA0B721843AFD0059E943 /* TwitterAuthViewController.swift in Sources */ = {isa = PBXBuildFile; fileRef = F91BA0B621843AFD0059E943 /* TwitterAuthViewController.swift */; };
		F91BA0B921843DA80059E943 /* CurrentUserViewController.swift in Sources */ = {isa = PBXBuildFile; fileRef = F91BA0B821843DA80059E943 /* CurrentUserViewController.swift */; };
		F91BA0BB218440270059E943 /* Models.swift in Sources */ = {isa = PBXBuildFile; fileRef = F91BA0BA218440270059E943 /* Models.swift */; };
		F91BA0BD218445080059E943 /* TakePhotoViewController.swift in Sources */ = {isa = PBXBuildFile; fileRef = F91BA0BC218445080059E943 /* TakePhotoViewController.swift */; };
		F91BA0BF218447CE0059E943 /* PreviewCameraViewController.swift in Sources */ = {isa = PBXBuildFile; fileRef = F91BA0BE218447CE0059E943 /* PreviewCameraViewController.swift */; };
		F91BA0C121844DC90059E943 /* CouponViewController.swift in Sources */ = {isa = PBXBuildFile; fileRef = F91BA0C021844DC90059E943 /* CouponViewController.swift */; };
		F91BA0C3218474FA0059E943 /* PostImageViewController.swift in Sources */ = {isa = PBXBuildFile; fileRef = F91BA0C2218474FA0059E943 /* PostImageViewController.swift */; };
		F91BA0C5218478B00059E943 /* Config.swift in Sources */ = {isa = PBXBuildFile; fileRef = F91BA0C4218478B00059E943 /* Config.swift */; };
		F91BA0C7218488230059E943 /* ShopSuggestViewController.swift in Sources */ = {isa = PBXBuildFile; fileRef = F91BA0C6218488230059E943 /* ShopSuggestViewController.swift */; };
		FB65A0E01802ADB771ABFCA8 /* Pods_ios_app.framework in Frameworks */ = {isa = PBXBuildFile; fileRef = 7E989651F65F186BDF310FF8 /* Pods_ios_app.framework */; };
/* End PBXBuildFile section */

/* Begin PBXFileReference section */
		7E989651F65F186BDF310FF8 /* Pods_ios_app.framework */ = {isa = PBXFileReference; explicitFileType = wrapper.framework; includeInIndex = 0; path = Pods_ios_app.framework; sourceTree = BUILT_PRODUCTS_DIR; };
		B02FD8FCDFEF4B7C68D1E554 /* Pods-ios-app.debug.xcconfig */ = {isa = PBXFileReference; includeInIndex = 1; lastKnownFileType = text.xcconfig; name = "Pods-ios-app.debug.xcconfig"; path = "Pods/Target Support Files/Pods-ios-app/Pods-ios-app.debug.xcconfig"; sourceTree = "<group>"; };
		C625811C2925BC415DF6E644 /* Pods-ios-app.release.xcconfig */ = {isa = PBXFileReference; includeInIndex = 1; lastKnownFileType = text.xcconfig; name = "Pods-ios-app.release.xcconfig"; path = "Pods/Target Support Files/Pods-ios-app/Pods-ios-app.release.xcconfig"; sourceTree = "<group>"; };
		F91BA0A1218433E30059E943 /* ios-app.app */ = {isa = PBXFileReference; explicitFileType = wrapper.application; includeInIndex = 0; path = "ios-app.app"; sourceTree = BUILT_PRODUCTS_DIR; };
		F91BA0A4218433E30059E943 /* AppDelegate.swift */ = {isa = PBXFileReference; lastKnownFileType = sourcecode.swift; path = AppDelegate.swift; sourceTree = "<group>"; };
		F91BA0A6218433E30059E943 /* ViewController.swift */ = {isa = PBXFileReference; lastKnownFileType = sourcecode.swift; path = ViewController.swift; sourceTree = "<group>"; };
		F91BA0A9218433E30059E943 /* Base */ = {isa = PBXFileReference; lastKnownFileType = file.storyboard; name = Base; path = Base.lproj/Main.storyboard; sourceTree = "<group>"; };
		F91BA0AB218433E50059E943 /* Assets.xcassets */ = {isa = PBXFileReference; lastKnownFileType = folder.assetcatalog; path = Assets.xcassets; sourceTree = "<group>"; };
		F91BA0AE218433E50059E943 /* Base */ = {isa = PBXFileReference; lastKnownFileType = file.storyboard; name = Base; path = Base.lproj/LaunchScreen.storyboard; sourceTree = "<group>"; };
		F91BA0B0218433E50059E943 /* Info.plist */ = {isa = PBXFileReference; lastKnownFileType = text.plist.xml; path = Info.plist; sourceTree = "<group>"; };
		F91BA0B621843AFD0059E943 /* TwitterAuthViewController.swift */ = {isa = PBXFileReference; lastKnownFileType = sourcecode.swift; path = TwitterAuthViewController.swift; sourceTree = "<group>"; };
		F91BA0B821843DA80059E943 /* CurrentUserViewController.swift */ = {isa = PBXFileReference; lastKnownFileType = sourcecode.swift; path = CurrentUserViewController.swift; sourceTree = "<group>"; };
		F91BA0BA218440270059E943 /* Models.swift */ = {isa = PBXFileReference; lastKnownFileType = sourcecode.swift; path = Models.swift; sourceTree = "<group>"; };
		F91BA0BC218445080059E943 /* TakePhotoViewController.swift */ = {isa = PBXFileReference; lastKnownFileType = sourcecode.swift; path = TakePhotoViewController.swift; sourceTree = "<group>"; };
		F91BA0BE218447CE0059E943 /* PreviewCameraViewController.swift */ = {isa = PBXFileReference; lastKnownFileType = sourcecode.swift; path = PreviewCameraViewController.swift; sourceTree = "<group>"; };
		F91BA0C021844DC90059E943 /* CouponViewController.swift */ = {isa = PBXFileReference; lastKnownFileType = sourcecode.swift; path = CouponViewController.swift; sourceTree = "<group>"; };
		F91BA0C2218474FA0059E943 /* PostImageViewController.swift */ = {isa = PBXFileReference; lastKnownFileType = sourcecode.swift; path = PostImageViewController.swift; sourceTree = "<group>"; };
		F91BA0C4218478B00059E943 /* Config.swift */ = {isa = PBXFileReference; lastKnownFileType = sourcecode.swift; path = Config.swift; sourceTree = "<group>"; };
		F91BA0C6218488230059E943 /* ShopSuggestViewController.swift */ = {isa = PBXFileReference; lastKnownFileType = sourcecode.swift; path = ShopSuggestViewController.swift; sourceTree = "<group>"; };
/* End PBXFileReference section */

/* Begin PBXFrameworksBuildPhase section */
		F91BA09E218433E30059E943 /* Frameworks */ = {
			isa = PBXFrameworksBuildPhase;
			buildActionMask = 2147483647;
			files = (
				FB65A0E01802ADB771ABFCA8 /* Pods_ios_app.framework in Frameworks */,
			);
			runOnlyForDeploymentPostprocessing = 0;
		};
/* End PBXFrameworksBuildPhase section */

/* Begin PBXGroup section */
		54971E9AB693C988DEFCD92D /* Frameworks */ = {
			isa = PBXGroup;
			children = (
				7E989651F65F186BDF310FF8 /* Pods_ios_app.framework */,
			);
			name = Frameworks;
			sourceTree = "<group>";
		};
		569CF45CF0766FF2E89A038D /* Pods */ = {
			isa = PBXGroup;
			children = (
				B02FD8FCDFEF4B7C68D1E554 /* Pods-ios-app.debug.xcconfig */,
				C625811C2925BC415DF6E644 /* Pods-ios-app.release.xcconfig */,
			);
			name = Pods;
			sourceTree = "<group>";
		};
		F91BA098218433E30059E943 = {
			isa = PBXGroup;
			children = (
				F91BA0A3218433E30059E943 /* ios-app */,
				F91BA0A2218433E30059E943 /* Products */,
				569CF45CF0766FF2E89A038D /* Pods */,
				54971E9AB693C988DEFCD92D /* Frameworks */,
			);
			sourceTree = "<group>";
		};
		F91BA0A2218433E30059E943 /* Products */ = {
			isa = PBXGroup;
			children = (
				F91BA0A1218433E30059E943 /* ios-app.app */,
			);
			name = Products;
			sourceTree = "<group>";
		};
		F91BA0A3218433E30059E943 /* ios-app */ = {
			isa = PBXGroup;
			children = (
				F91BA0A4218433E30059E943 /* AppDelegate.swift */,
				F91BA0A6218433E30059E943 /* ViewController.swift */,
				F91BA0A8218433E30059E943 /* Main.storyboard */,
				F91BA0AB218433E50059E943 /* Assets.xcassets */,
				F91BA0AD218433E50059E943 /* LaunchScreen.storyboard */,
				F91BA0B0218433E50059E943 /* Info.plist */,
				F91BA0B621843AFD0059E943 /* TwitterAuthViewController.swift */,
				F91BA0B821843DA80059E943 /* CurrentUserViewController.swift */,
				F91BA0BA218440270059E943 /* Models.swift */,
				F91BA0BC218445080059E943 /* TakePhotoViewController.swift */,
				F91BA0BE218447CE0059E943 /* PreviewCameraViewController.swift */,
				F91BA0C021844DC90059E943 /* CouponViewController.swift */,
				F91BA0C2218474FA0059E943 /* PostImageViewController.swift */,
				F91BA0C4218478B00059E943 /* Config.swift */,
				F91BA0C6218488230059E943 /* ShopSuggestViewController.swift */,
			);
			path = "ios-app";
			sourceTree = "<group>";
		};
/* End PBXGroup section */

/* Begin PBXNativeTarget section */
		F91BA0A0218433E30059E943 /* ios-app */ = {
			isa = PBXNativeTarget;
			buildConfigurationList = F91BA0B3218433E50059E943 /* Build configuration list for PBXNativeTarget "ios-app" */;
			buildPhases = (
				CEC2E4A7B152A62D2C83A07D /* [CP] Check Pods Manifest.lock */,
				F91BA09D218433E30059E943 /* Sources */,
				F91BA09E218433E30059E943 /* Frameworks */,
				F91BA09F218433E30059E943 /* Resources */,
				2E437BC118C881796D58330A /* [CP] Embed Pods Frameworks */,
			);
			buildRules = (
			);
			dependencies = (
			);
			name = "ios-app";
			productName = "ios-app";
			productReference = F91BA0A1218433E30059E943 /* ios-app.app */;
			productType = "com.apple.product-type.application";
		};
/* End PBXNativeTarget section */

/* Begin PBXProject section */
		F91BA099218433E30059E943 /* Project object */ = {
			isa = PBXProject;
			attributes = {
				LastSwiftUpdateCheck = 1000;
				LastUpgradeCheck = 1000;
				ORGANIZATIONNAME = "三上大河";
				TargetAttributes = {
					F91BA0A0218433E30059E943 = {
						CreatedOnToolsVersion = 10.0;
					};
				};
			};
			buildConfigurationList = F91BA09C218433E30059E943 /* Build configuration list for PBXProject "ios-app" */;
			compatibilityVersion = "Xcode 9.3";
			developmentRegion = en;
			hasScannedForEncodings = 0;
			knownRegions = (
				en,
				Base,
			);
			mainGroup = F91BA098218433E30059E943;
			productRefGroup = F91BA0A2218433E30059E943 /* Products */;
			projectDirPath = "";
			projectRoot = "";
			targets = (
				F91BA0A0218433E30059E943 /* ios-app */,
			);
		};
/* End PBXProject section */

/* Begin PBXResourcesBuildPhase section */
		F91BA09F218433E30059E943 /* Resources */ = {
			isa = PBXResourcesBuildPhase;
			buildActionMask = 2147483647;
			files = (
				F91BA0AF218433E50059E943 /* LaunchScreen.storyboard in Resources */,
				F91BA0AC218433E50059E943 /* Assets.xcassets in Resources */,
				F91BA0AA218433E30059E943 /* Main.storyboard in Resources */,
			);
			runOnlyForDeploymentPostprocessing = 0;
		};
/* End PBXResourcesBuildPhase section */

/* Begin PBXShellScriptBuildPhase section */
		2E437BC118C881796D58330A /* [CP] Embed Pods Frameworks */ = {
			isa = PBXShellScriptBuildPhase;
			buildActionMask = 2147483647;
			files = (
			);
			inputFileListPaths = (
			);
			inputPaths = (
				"${SRCROOT}/Pods/Target Support Files/Pods-ios-app/Pods-ios-app-frameworks.sh",
				"${BUILT_PRODUCTS_DIR}/Alamofire/Alamofire.framework",
				"${BUILT_PRODUCTS_DIR}/Default/Default.framework",
				"${BUILT_PRODUCTS_DIR}/SDWebImage/SDWebImage.framework",
				"${BUILT_PRODUCTS_DIR}/Swifter/Swifter.framework",
				"${BUILT_PRODUCTS_DIR}/SwiftyJSON/SwiftyJSON.framework",
				"${BUILT_PRODUCTS_DIR}/libwebp/libwebp.framework",
			);
			name = "[CP] Embed Pods Frameworks";
			outputFileListPaths = (
			);
			outputPaths = (
				"${TARGET_BUILD_DIR}/${FRAMEWORKS_FOLDER_PATH}/Alamofire.framework",
				"${TARGET_BUILD_DIR}/${FRAMEWORKS_FOLDER_PATH}/Default.framework",
				"${TARGET_BUILD_DIR}/${FRAMEWORKS_FOLDER_PATH}/SDWebImage.framework",
				"${TARGET_BUILD_DIR}/${FRAMEWORKS_FOLDER_PATH}/Swifter.framework",
				"${TARGET_BUILD_DIR}/${FRAMEWORKS_FOLDER_PATH}/SwiftyJSON.framework",
				"${TARGET_BUILD_DIR}/${FRAMEWORKS_FOLDER_PATH}/libwebp.framework",
			);
			runOnlyForDeploymentPostprocessing = 0;
			shellPath = /bin/sh;
			shellScript = "\"${SRCROOT}/Pods/Target Support Files/Pods-ios-app/Pods-ios-app-frameworks.sh\"\n";
			showEnvVarsInLog = 0;
		};
		CEC2E4A7B152A62D2C83A07D /* [CP] Check Pods Manifest.lock */ = {
			isa = PBXShellScriptBuildPhase;
			buildActionMask = 2147483647;
			files = (
			);
			inputFileListPaths = (
			);
			inputPaths = (
				"${PODS_PODFILE_DIR_PATH}/Podfile.lock",
				"${PODS_ROOT}/Manifest.lock",
			);
			name = "[CP] Check Pods Manifest.lock";
			outputFileListPaths = (
			);
			outputPaths = (
				"$(DERIVED_FILE_DIR)/Pods-ios-app-checkManifestLockResult.txt",
			);
			runOnlyForDeploymentPostprocessing = 0;
			shellPath = /bin/sh;
			shellScript = "diff \"${PODS_PODFILE_DIR_PATH}/Podfile.lock\" \"${PODS_ROOT}/Manifest.lock\" > /dev/null\nif [ $? != 0 ] ; then\n    # print error to STDERR\n    echo \"error: The sandbox is not in sync with the Podfile.lock. Run 'pod install' or update your CocoaPods installation.\" >&2\n    exit 1\nfi\n# This output is used by Xcode 'outputs' to avoid re-running this script phase.\necho \"SUCCESS\" > \"${SCRIPT_OUTPUT_FILE_0}\"\n";
			showEnvVarsInLog = 0;
		};
/* End PBXShellScriptBuildPhase section */

/* Begin PBXSourcesBuildPhase section */
		F91BA09D218433E30059E943 /* Sources */ = {
			isa = PBXSourcesBuildPhase;
			buildActionMask = 2147483647;
			files = (
				F91BA0C121844DC90059E943 /* CouponViewController.swift in Sources */,
				F91BA0B721843AFD0059E943 /* TwitterAuthViewController.swift in Sources */,
				F91BA0A7218433E30059E943 /* ViewController.swift in Sources */,
				F91BA0A5218433E30059E943 /* AppDelegate.swift in Sources */,
				F91BA0B921843DA80059E943 /* CurrentUserViewController.swift in Sources */,
				F91BA0C3218474FA0059E943 /* PostImageViewController.swift in Sources */,
				F91BA0BD218445080059E943 /* TakePhotoViewController.swift in Sources */,
				F91BA0C7218488230059E943 /* ShopSuggestViewController.swift in Sources */,
				F91BA0C5218478B00059E943 /* Config.swift in Sources */,
				F91BA0BF218447CE0059E943 /* PreviewCameraViewController.swift in Sources */,
				F91BA0BB218440270059E943 /* Models.swift in Sources */,
			);
			runOnlyForDeploymentPostprocessing = 0;
		};
/* End PBXSourcesBuildPhase section */

/* Begin PBXVariantGroup section */
		F91BA0A8218433E30059E943 /* Main.storyboard */ = {
			isa = PBXVariantGroup;
			children = (
				F91BA0A9218433E30059E943 /* Base */,
			);
			name = Main.storyboard;
			sourceTree = "<group>";
		};
		F91BA0AD218433E50059E943 /* LaunchScreen.storyboard */ = {
			isa = PBXVariantGroup;
			children = (
				F91BA0AE218433E50059E943 /* Base */,
			);
			name = LaunchScreen.storyboard;
			sourceTree = "<group>";
		};
/* End PBXVariantGroup section */

/* Begin XCBuildConfiguration section */
		F91BA0B1218433E50059E943 /* Debug */ = {
			isa = XCBuildConfiguration;
			buildSettings = {
				ALWAYS_SEARCH_USER_PATHS = NO;
				CLANG_ANALYZER_NONNULL = YES;
				CLANG_ANALYZER_NUMBER_OBJECT_CONVERSION = YES_AGGRESSIVE;
				CLANG_CXX_LANGUAGE_STANDARD = "gnu++14";
				CLANG_CXX_LIBRARY = "libc++";
				CLANG_ENABLE_MODULES = YES;
				CLANG_ENABLE_OBJC_ARC = YES;
				CLANG_ENABLE_OBJC_WEAK = YES;
				CLANG_WARN_BLOCK_CAPTURE_AUTORELEASING = YES;
				CLANG_WARN_BOOL_CONVERSION = YES;
				CLANG_WARN_COMMA = YES;
				CLANG_WARN_CONSTANT_CONVERSION = YES;
				CLANG_WARN_DEPRECATED_OBJC_IMPLEMENTATIONS = YES;
				CLANG_WARN_DIRECT_OBJC_ISA_USAGE = YES_ERROR;
				CLANG_WARN_DOCUMENTATION_COMMENTS = YES;
				CLANG_WARN_EMPTY_BODY = YES;
				CLANG_WARN_ENUM_CONVERSION = YES;
				CLANG_WARN_INFINITE_RECURSION = YES;
				CLANG_WARN_INT_CONVERSION = YES;
				CLANG_WARN_NON_LITERAL_NULL_CONVERSION = YES;
				CLANG_WARN_OBJC_IMPLICIT_RETAIN_SELF = YES;
				CLANG_WARN_OBJC_LITERAL_CONVERSION = YES;
				CLANG_WARN_OBJC_ROOT_CLASS = YES_ERROR;
				CLANG_WARN_RANGE_LOOP_ANALYSIS = YES;
				CLANG_WARN_STRICT_PROTOTYPES = YES;
				CLANG_WARN_SUSPICIOUS_MOVE = YES;
				CLANG_WARN_UNGUARDED_AVAILABILITY = YES_AGGRESSIVE;
				CLANG_WARN_UNREACHABLE_CODE = YES;
				CLANG_WARN__DUPLICATE_METHOD_MATCH = YES;
				CODE_SIGN_IDENTITY = "iPhone Developer";
				COPY_PHASE_STRIP = NO;
				DEBUG_INFORMATION_FORMAT = dwarf;
				ENABLE_STRICT_OBJC_MSGSEND = YES;
				ENABLE_TESTABILITY = YES;
				GCC_C_LANGUAGE_STANDARD = gnu11;
				GCC_DYNAMIC_NO_PIC = NO;
				GCC_NO_COMMON_BLOCKS = YES;
				GCC_OPTIMIZATION_LEVEL = 0;
				GCC_PREPROCESSOR_DEFINITIONS = (
					"DEBUG=1",
					"$(inherited)",
				);
				GCC_WARN_64_TO_32_BIT_CONVERSION = YES;
				GCC_WARN_ABOUT_RETURN_TYPE = YES_ERROR;
				GCC_WARN_UNDECLARED_SELECTOR = YES;
				GCC_WARN_UNINITIALIZED_AUTOS = YES_AGGRESSIVE;
				GCC_WARN_UNUSED_FUNCTION = YES;
				GCC_WARN_UNUSED_VARIABLE = YES;
				IPHONEOS_DEPLOYMENT_TARGET = 12.0;
				MTL_ENABLE_DEBUG_INFO = INCLUDE_SOURCE;
				MTL_FAST_MATH = YES;
				ONLY_ACTIVE_ARCH = YES;
				SDKROOT = iphoneos;
				SWIFT_ACTIVE_COMPILATION_CONDITIONS = DEBUG;
				SWIFT_OPTIMIZATION_LEVEL = "-Onone";
			};
			name = Debug;
		};
		F91BA0B2218433E50059E943 /* Release */ = {
			isa = XCBuildConfiguration;
			buildSettings = {
				ALWAYS_SEARCH_USER_PATHS = NO;
				CLANG_ANALYZER_NONNULL = YES;
				CLANG_ANALYZER_NUMBER_OBJECT_CONVERSION = YES_AGGRESSIVE;
				CLANG_CXX_LANGUAGE_STANDARD = "gnu++14";
				CLANG_CXX_LIBRARY = "libc++";
				CLANG_ENABLE_MODULES = YES;
				CLANG_ENABLE_OBJC_ARC = YES;
				CLANG_ENABLE_OBJC_WEAK = YES;
				CLANG_WARN_BLOCK_CAPTURE_AUTORELEASING = YES;
				CLANG_WARN_BOOL_CONVERSION = YES;
				CLANG_WARN_COMMA = YES;
				CLANG_WARN_CONSTANT_CONVERSION = YES;
				CLANG_WARN_DEPRECATED_OBJC_IMPLEMENTATIONS = YES;
				CLANG_WARN_DIRECT_OBJC_ISA_USAGE = YES_ERROR;
				CLANG_WARN_DOCUMENTATION_COMMENTS = YES;
				CLANG_WARN_EMPTY_BODY = YES;
				CLANG_WARN_ENUM_CONVERSION = YES;
				CLANG_WARN_INFINITE_RECURSION = YES;
				CLANG_WARN_INT_CONVERSION = YES;
				CLANG_WARN_NON_LITERAL_NULL_CONVERSION = YES;
				CLANG_WARN_OBJC_IMPLICIT_RETAIN_SELF = YES;
				CLANG_WARN_OBJC_LITERAL_CONVERSION = YES;
				CLANG_WARN_OBJC_ROOT_CLASS = YES_ERROR;
				CLANG_WARN_RANGE_LOOP_ANALYSIS = YES;
				CLANG_WARN_STRICT_PROTOTYPES = YES;
				CLANG_WARN_SUSPICIOUS_MOVE = YES;
				CLANG_WARN_UNGUARDED_AVAILABILITY = YES_AGGRESSIVE;
				CLANG_WARN_UNREACHABLE_CODE = YES;
				CLANG_WARN__DUPLICATE_METHOD_MATCH = YES;
				CODE_SIGN_IDENTITY = "iPhone Developer";
				COPY_PHASE_STRIP = NO;
				DEBUG_INFORMATION_FORMAT = "dwarf-with-dsym";
				ENABLE_NS_ASSERTIONS = NO;
				ENABLE_STRICT_OBJC_MSGSEND = YES;
				GCC_C_LANGUAGE_STANDARD = gnu11;
				GCC_NO_COMMON_BLOCKS = YES;
				GCC_WARN_64_TO_32_BIT_CONVERSION = YES;
				GCC_WARN_ABOUT_RETURN_TYPE = YES_ERROR;
				GCC_WARN_UNDECLARED_SELECTOR = YES;
				GCC_WARN_UNINITIALIZED_AUTOS = YES_AGGRESSIVE;
				GCC_WARN_UNUSED_FUNCTION = YES;
				GCC_WARN_UNUSED_VARIABLE = YES;
				IPHONEOS_DEPLOYMENT_TARGET = 12.0;
				MTL_ENABLE_DEBUG_INFO = NO;
				MTL_FAST_MATH = YES;
				SDKROOT = iphoneos;
				SWIFT_COMPILATION_MODE = wholemodule;
				SWIFT_OPTIMIZATION_LEVEL = "-O";
				VALIDATE_PRODUCT = YES;
			};
			name = Release;
		};
		F91BA0B4218433E50059E943 /* Debug */ = {
			isa = XCBuildConfiguration;
			baseConfigurationReference = B02FD8FCDFEF4B7C68D1E554 /* Pods-ios-app.debug.xcconfig */;
			buildSettings = {
				ASSETCATALOG_COMPILER_APPICON_NAME = AppIcon;
				CODE_SIGN_STYLE = Automatic;
				DEVELOPMENT_TEAM = 3QF397M6R4;
				INFOPLIST_FILE = "ios-app/Info.plist";
				LD_RUNPATH_SEARCH_PATHS = (
					"$(inherited)",
					"@executable_path/Frameworks",
				);
				PRODUCT_BUNDLE_IDENTIFIER = "com.taiga.ios-app";
				PRODUCT_NAME = "$(TARGET_NAME)";
				SWIFT_VERSION = 4.2;
				TARGETED_DEVICE_FAMILY = "1,2";
			};
			name = Debug;
		};
		F91BA0B5218433E50059E943 /* Release */ = {
			isa = XCBuildConfiguration;
			baseConfigurationReference = C625811C2925BC415DF6E644 /* Pods-ios-app.release.xcconfig */;
			buildSettings = {
				ASSETCATALOG_COMPILER_APPICON_NAME = AppIcon;
				CODE_SIGN_STYLE = Automatic;
				DEVELOPMENT_TEAM = 3QF397M6R4;
				INFOPLIST_FILE = "ios-app/Info.plist";
				LD_RUNPATH_SEARCH_PATHS = (
					"$(inherited)",
					"@executable_path/Frameworks",
				);
				PRODUCT_BUNDLE_IDENTIFIER = "com.taiga.ios-app";
				PRODUCT_NAME = "$(TARGET_NAME)";
				SWIFT_VERSION = 4.2;
				TARGETED_DEVICE_FAMILY = "1,2";
			};
			name = Release;
		};
/* End XCBuildConfiguration section */

/* Begin XCConfigurationList section */
		F91BA09C218433E30059E943 /* Build configuration list for PBXProject "ios-app" */ = {
			isa = XCConfigurationList;
			buildConfigurations = (
				F91BA0B1218433E50059E943 /* Debug */,
				F91BA0B2218433E50059E943 /* Release */,
			);
			defaultConfigurationIsVisible = 0;
			defaultConfigurationName = Release;
		};
		F91BA0B3218433E50059E943 /* Build configuration list for PBXNativeTarget "ios-app" */ = {
			isa = XCConfigurationList;
			buildConfigurations = (
				F91BA0B4218433E50059E943 /* Debug */,
				F91BA0B5218433E50059E943 /* Release */,
			);
			defaultConfigurationIsVisible = 0;
			defaultConfigurationName = Release;
		};
/* End XCConfigurationList section */
	};
	rootObject = F91BA099218433E30059E943 /* Project object */;
}
